{
  "name": "markdown-editor",
  "version": "1.0.0",
  "lockfileVersion": 3,
  "requires": true,
  "packages": {
    "": {
      "name": "markdown-editor",
      "version": "1.0.0",
      "dependencies": {
        "@opentui/core": "latest",
        "@opentui/react": "latest",
        "react": "^19.0.0"
      },
      "devDependencies": {
        "@types/bun": "latest",
        "@types/react": "^19.0.0",
        "tsx": "^4.21.0",
        "typescript": "^5.4.5"
      }
    },
    "node_modules/@dimforge/rapier2d-simd-compat": {
      "version": "0.17.3",
      "license": "Apache-2.0",
      "optional": true
    },
    "node_modules/@esbuild/aix-ppc64": {
      "version": "0.27.3",
      "resolved": "https://registry.npmjs.org/@esbuild/aix-ppc64/-/aix-ppc64-0.27.3.tgz",
      "integrity": "sha512-9fJMTNFTWZMh5qwrBItuziu834eOCUcEqymSH7pY+zoMVEZg3gcPuBNxH1EvfVYe9h0x/Ptw8KBzv7qxb7l8dg==",
      "cpu": [
        "ppc64"
      ],
      "dev": true,
      "license": "MIT",
      "optional": true,
      "os": [
        "aix"
      ],
      "engines": {
        "node": ">=18"
      }
    },
    "node_modules/@esbuild/android-arm": {
      "version": "0.27.3",
      "resolved": "https://registry.npmjs.org/@esbuild/android-arm/-/android-arm-0.27.3.tgz",
      "integrity": "sha512-i5D1hPY7GIQmXlXhs2w8AWHhenb00+GxjxRncS2ZM7YNVGNfaMxgzSGuO8o8SJzRc/oZwU2bcScvVERk03QhzA==",
      "cpu": [
        "arm"
      ],
      "dev": true,
      "license": "MIT",
      "optional": true,
      "os": [
        "android"
      ],
      "engines": {
        "node": ">=18"
      }
    },
    "node_modules/@esbuild/android-arm64": {
      "version": "0.27.3",
      "resolved": "https://registry.npmjs.org/@esbuild/android-arm64/-/android-arm64-0.27.3.tgz",
      "integrity": "sha512-YdghPYUmj/FX2SYKJ0OZxf+iaKgMsKHVPF1MAq/P8WirnSpCStzKJFjOjzsW0QQ7oIAiccHdcqjbHmJxRb/dmg==",
      "cpu": [
        "arm64"
      ],
      "dev": true,
      "license": "MIT",
      "optional": true,
      "os": [
        "android"
      ],
      "engines": {
        "node": ">=18"
      }
    },
    "node_modules/@esbuild/android-x64": {
      "version": "0.27.3",
      "resolved": "https://registry.npmjs.org/@esbuild/android-x64/-/android-x64-0.27.3.tgz",
      "integrity": "sha512-IN/0BNTkHtk8lkOM8JWAYFg4ORxBkZQf9zXiEOfERX/CzxW3Vg1ewAhU7QSWQpVIzTW+b8Xy+lGzdYXV6UZObQ==",
      "cpu": [
        "x64"
      ],
      "dev": true,
      "license": "MIT",
      "optional": true,
      "os": [
        "android"
      ],
      "engines": {
        "node": ">=18"
      }
    },
    "node_modules/@esbuild/darwin-arm64": {
      "version": "0.27.3",
      "resolved": "https://registry.npmjs.org/@esbuild/darwin-arm64/-/darwin-arm64-0.27.3.tgz",
      "integrity": "sha512-Re491k7ByTVRy0t3EKWajdLIr0gz2kKKfzafkth4Q8A5n1xTHrkqZgLLjFEHVD+AXdUGgQMq+Godfq45mGpCKg==",
      "cpu": [
        "arm64"
      ],
      "dev": true,
      "license": "MIT",
      "optional": true,
      "os": [
        "darwin"
      ],
      "engines": {
        "node": ">=18"
      }
    },
    "node_modules/@esbuild/darwin-x64": {
      "version": "0.27.3",
      "resolved": "https://registry.npmjs.org/@esbuild/darwin-x64/-/darwin-x64-0.27.3.tgz",
      "integrity": "sha512-vHk/hA7/1AckjGzRqi6wbo+jaShzRowYip6rt6q7VYEDX4LEy1pZfDpdxCBnGtl+A5zq8iXDcyuxwtv3hNtHFg==",
      "cpu": [
        "x64"
      ],
      "dev": true,
      "license": "MIT",
      "optional": true,
      "os": [
        "darwin"
      ],
      "engines": {
        "node": ">=18"
      }
    },
    "node_modules/@esbuild/freebsd-arm64": {
      "version": "0.27.3",
      "resolved": "https://registry.npmjs.org/@esbuild/freebsd-arm64/-/freebsd-arm64-0.27.3.tgz",
      "integrity": "sha512-ipTYM2fjt3kQAYOvo6vcxJx3nBYAzPjgTCk7QEgZG8AUO3ydUhvelmhrbOheMnGOlaSFUoHXB6un+A7q4ygY9w==",
      "cpu": [
        "arm64"
      ],
      "dev": true,
      "license": "MIT",
      "optional": true,
      "os": [
        "freebsd"
      ],
      "engines": {
        "node": ">=18"
      }
    },
    "node_modules/@esbuild/freebsd-x64": {
      "version": "0.27.3",
      "resolved": "https://registry.npmjs.org/@esbuild/freebsd-x64/-/freebsd-x64-0.27.3.tgz",
      "integrity": "sha512-dDk0X87T7mI6U3K9VjWtHOXqwAMJBNN2r7bejDsc+j03SEjtD9HrOl8gVFByeM0aJksoUuUVU9TBaZa2rgj0oA==",
      "cpu": [
        "x64"
      ],
      "dev": true,
      "license": "MIT",
      "optional": true,
      "os": [
        "freebsd"
      ],
      "engines": {
        "node": ">=18"
      }
    },
    "node_modules/@esbuild/linux-arm": {
      "version": "0.27.3",
      "resolved": "https://registry.npmjs.org/@esbuild/linux-arm/-/linux-arm-0.27.3.tgz",
      "integrity": "sha512-s6nPv2QkSupJwLYyfS+gwdirm0ukyTFNl3KTgZEAiJDd+iHZcbTPPcWCcRYH+WlNbwChgH2QkE9NSlNrMT8Gfw==",
      "cpu": [
        "arm"
      ],
      "dev": true,
      "license": "MIT",
      "optional": true,
      "os": [
        "linux"
      ],
      "engines": {
        "node": ">=18"
      }
    },
    "node_modules/@esbuild/linux-arm64": {
      "version": "0.27.3",
      "resolved": "https://registry.npmjs.org/@esbuild/linux-arm64/-/linux-arm64-0.27.3.tgz",
      "integrity": "sha512-sZOuFz/xWnZ4KH3YfFrKCf1WyPZHakVzTiqji3WDc0BCl2kBwiJLCXpzLzUBLgmp4veFZdvN5ChW4Eq/8Fc2Fg==",
      "cpu": [
        "arm64"
      ],
      "dev": true,
      "license": "MIT",
      "optional": true,
      "os": [
        "linux"
      ],
      "engines": {
        "node": ">=18"
      }
    },
    "node_modules/@esbuild/linux-ia32": {
      "version": "0.27.3",
      "resolved": "https://registry.npmjs.org/@esbuild/linux-ia32/-/linux-ia32-0.27.3.tgz",
      "integrity": "sha512-yGlQYjdxtLdh0a3jHjuwOrxQjOZYD/C9PfdbgJJF3TIZWnm/tMd/RcNiLngiu4iwcBAOezdnSLAwQDPqTmtTYg==",
      "cpu": [
        "ia32"
      ],
      "dev": true,
      "license": "MIT",
      "optional": true,
      "os": [
        "linux"
      ],
      "engines": {
        "node": ">=18"
      }
    },
    "node_modules/@esbuild/linux-loong64": {
      "version": "0.27.3",
      "resolved": "https://registry.npmjs.org/@esbuild/linux-loong64/-/linux-loong64-0.27.3.tgz",
      "integrity": "sha512-WO60Sn8ly3gtzhyjATDgieJNet/KqsDlX5nRC5Y3oTFcS1l0KWba+SEa9Ja1GfDqSF1z6hif/SkpQJbL63cgOA==",
      "cpu": [
        "loong64"
      ],
      "dev": true,
      "license": "MIT",
      "optional": true,
      "os": [
        "linux"
      ],
      "engines": {
        "node": ">=18"
      }
    },
    "node_modules/@esbuild/linux-mips64el": {
      "version": "0.27.3",
      "resolved": "https://registry.npmjs.org/@esbuild/linux-mips64el/-/linux-mips64el-0.27.3.tgz",
      "integrity": "sha512-APsymYA6sGcZ4pD6k+UxbDjOFSvPWyZhjaiPyl/f79xKxwTnrn5QUnXR5prvetuaSMsb4jgeHewIDCIWljrSxw==",
      "cpu": [
        "mips64el"
      ],
      "dev": true,
      "license": "MIT",
      "optional": true,
      "os": [
        "linux"
      ],
      "engines": {
        "node": ">=18"
      }
    },
    "node_modules/@esbuild/linux-ppc64": {
      "version": "0.27.3",
      "resolved": "https://registry.npmjs.org/@esbuild/linux-ppc64/-/linux-ppc64-0.27.3.tgz",
      "integrity": "sha512-eizBnTeBefojtDb9nSh4vvVQ3V9Qf9Df01PfawPcRzJH4gFSgrObw+LveUyDoKU3kxi5+9RJTCWlj4FjYXVPEA==",
      "cpu": [
        "ppc64"
      ],
      "dev": true,
      "license": "MIT",
      "optional": true,
      "os": [
        "linux"
      ],
      "engines": {
        "node": ">=18"
      }
    },
    "node_modules/@esbuild/linux-riscv64": {
      "version": "0.27.3",
      "resolved": "https://registry.npmjs.org/@esbuild/linux-riscv64/-/linux-riscv64-0.27.3.tgz",
      "integrity": "sha512-3Emwh0r5wmfm3ssTWRQSyVhbOHvqegUDRd0WhmXKX2mkHJe1SFCMJhagUleMq+Uci34wLSipf8Lagt4LlpRFWQ==",
      "cpu": [
        "riscv64"
      ],
      "dev": true,
      "license": "MIT",
      "optional": true,
      "os": [
        "linux"
      ],
      "engines": {
        "node": ">=18"
      }
    },
    "node_modules/@esbuild/linux-s390x": {
      "version": "0.27.3",
      "resolved": "https://registry.npmjs.org/@esbuild/linux-s390x/-/linux-s390x-0.27.3.tgz",
      "integrity": "sha512-pBHUx9LzXWBc7MFIEEL0yD/ZVtNgLytvx60gES28GcWMqil8ElCYR4kvbV2BDqsHOvVDRrOxGySBM9Fcv744hw==",
      "cpu": [
        "s390x"
      ],
      "dev": true,
      "license": "MIT",
      "optional": true,
      "os": [
        "linux"
      ],
      "engines": {
        "node": ">=18"
      }
    },
    "node_modules/@esbuild/linux-x64": {
      "version": "0.27.3",
      "resolved": "https://registry.npmjs.org/@esbuild/linux-x64/-/linux-x64-0.27.3.tgz",
      "integrity": "sha512-Czi8yzXUWIQYAtL/2y6vogER8pvcsOsk5cpwL4Gk5nJqH5UZiVByIY8Eorm5R13gq+DQKYg0+JyQoytLQas4dA==",
      "cpu": [
        "x64"
      ],
      "dev": true,
      "license": "MIT",
      "optional": true,
      "os": [
        "linux"
      ],
      "engines": {
        "node": ">=18"
      }
    },
    "node_modules/@esbuild/netbsd-arm64": {
      "version": "0.27.3",
      "resolved": "https://registry.npmjs.org/@esbuild/netbsd-arm64/-/netbsd-arm64-0.27.3.tgz",
      "integrity": "sha512-sDpk0RgmTCR/5HguIZa9n9u+HVKf40fbEUt+iTzSnCaGvY9kFP0YKBWZtJaraonFnqef5SlJ8/TiPAxzyS+UoA==",
      "cpu": [
        "arm64"
      ],
      "dev": true,
      "license": "MIT",
      "optional": true,
      "os": [
        "netbsd"
      ],
      "engines": {
        "node": ">=18"
      }
    },
    "node_modules/@esbuild/netbsd-x64": {
      "version": "0.27.3",
      "resolved": "https://registry.npmjs.org/@esbuild/netbsd-x64/-/netbsd-x64-0.27.3.tgz",
      "integrity": "sha512-P14lFKJl/DdaE00LItAukUdZO5iqNH7+PjoBm+fLQjtxfcfFE20Xf5CrLsmZdq5LFFZzb5JMZ9grUwvtVYzjiA==",
      "cpu": [
        "x64"
      ],
      "dev": true,
      "license": "MIT",
      "optional": true,
      "os": [
        "netbsd"
      ],
      "engines": {
        "node": ">=18"
      }
    },
    "node_modules/@esbuild/openbsd-arm64": {
      "version": "0.27.3",
      "resolved": "https://registry.npmjs.org/@esbuild/openbsd-arm64/-/openbsd-arm64-0.27.3.tgz",
      "integrity": "sha512-AIcMP77AvirGbRl/UZFTq5hjXK+2wC7qFRGoHSDrZ5v5b8DK/GYpXW3CPRL53NkvDqb9D+alBiC/dV0Fb7eJcw==",
      "cpu": [
        "arm64"
      ],
      "dev": true,
      "license": "MIT",
      "optional": true,
      "os": [
        "openbsd"
      ],
      "engines": {
        "node": ">=18"
      }
    },
    "node_modules/@esbuild/openbsd-x64": {
      "version": "0.27.3",
      "resolved": "https://registry.npmjs.org/@esbuild/openbsd-x64/-/openbsd-x64-0.27.3.tgz",
      "integrity": "sha512-DnW2sRrBzA+YnE70LKqnM3P+z8vehfJWHXECbwBmH/CU51z6FiqTQTHFenPlHmo3a8UgpLyH3PT+87OViOh1AQ==",
      "cpu": [
        "x64"
      ],
      "dev": true,
      "license": "MIT",
      "optional": true,
      "os": [
        "openbsd"
      ],
      "engines": {
        "node": ">=18"
      }
    },
    "node_modules/@esbuild/openharmony-arm64": {
      "version": "0.27.3",
      "resolved": "https://registry.npmjs.org/@esbuild/openharmony-arm64/-/openharmony-arm64-0.27.3.tgz",
      "integrity": "sha512-NinAEgr/etERPTsZJ7aEZQvvg/A6IsZG/LgZy+81wON2huV7SrK3e63dU0XhyZP4RKGyTm7aOgmQk0bGp0fy2g==",
      "cpu": [
        "arm64"
      ],
      "dev": true,
      "license": "MIT",
      "optional": true,
      "os": [
        "openharmony"
      ],
      "engines": {
        "node": ">=18"
      }
    },
    "node_modules/@esbuild/sunos-x64": {
      "version": "0.27.3",
      "resolved": "https://registry.npmjs.org/@esbuild/sunos-x64/-/sunos-x64-0.27.3.tgz",
      "integrity": "sha512-PanZ+nEz+eWoBJ8/f8HKxTTD172SKwdXebZ0ndd953gt1HRBbhMsaNqjTyYLGLPdoWHy4zLU7bDVJztF5f3BHA==",
      "cpu": [
        "x64"
      ],
      "dev": true,
      "license": "MIT",
      "optional": true,
      "os": [
        "sunos"
      ],
      "engines": {
        "node": ">=18"
      }
    },
    "node_modules/@esbuild/win32-arm64": {
      "version": "0.27.3",
      "resolved": "https://registry.npmjs.org/@esbuild/win32-arm64/-/win32-arm64-0.27.3.tgz",
      "integrity": "sha512-B2t59lWWYrbRDw/tjiWOuzSsFh1Y/E95ofKz7rIVYSQkUYBjfSgf6oeYPNWHToFRr2zx52JKApIcAS/D5TUBnA==",
      "cpu": [
        "arm64"
      ],
      "dev": true,
      "license": "MIT",
      "optional": true,
      "os": [
        "win32"
      ],
      "engines": {
        "node": ">=18"
      }
    },
    "node_modules/@esbuild/win32-ia32": {
      "version": "0.27.3",
      "resolved": "https://registry.npmjs.org/@esbuild/win32-ia32/-/win32-ia32-0.27.3.tgz",
      "integrity": "sha512-QLKSFeXNS8+tHW7tZpMtjlNb7HKau0QDpwm49u0vUp9y1WOF+PEzkU84y9GqYaAVW8aH8f3GcBck26jh54cX4Q==",
      "cpu": [
        "ia32"
      ],
      "dev": true,
      "license": "MIT",
      "optional": true,
      "os": [
        "win32"
      ],
      "engines": {
        "node": ">=18"
      }
    },
    "node_modules/@esbuild/win32-x64": {
      "version": "0.27.3",
      "resolved": "https://registry.npmjs.org/@esbuild/win32-x64/-/win32-x64-0.27.3.tgz",
      "integrity": "sha512-4uJGhsxuptu3OcpVAzli+/gWusVGwZZHTlS63hh++ehExkVT8SgiEf7/uC/PclrPPkLhZqGgCTjd0VWLo6xMqA==",
      "cpu": [
        "x64"
      ],
      "dev": true,
      "license": "MIT",
      "optional": true,
      "os": [
        "win32"
      ],
      "engines": {
        "node": ">=18"
      }
    },
    "node_modules/@jimp/core": {
      "version": "1.6.0",
      "license": "MIT",
      "dependencies": {
        "@jimp/file-ops": "1.6.0",
        "@jimp/types": "1.6.0",
        "@jimp/utils": "1.6.0",
        "await-to-js": "^3.0.0",
        "exif-parser": "^0.1.12",
        "file-type": "^16.0.0",
        "mime": "3"
      },
      "engines": {
        "node": ">=18"
      }
    },
    "node_modules/@jimp/diff": {
      "version": "1.6.0",
      "license": "MIT",
      "dependencies": {
        "@jimp/plugin-resize": "1.6.0",
        "@jimp/types": "1.6.0",
        "@jimp/utils": "1.6.0",
        "pixelmatch": "^5.3.0"
      },
      "engines": {
        "node": ">=18"
      }
    },
    "node_modules/@jimp/file-ops": {
      "version": "1.6.0",
      "license": "MIT",
      "engines": {
        "node": ">=18"
      }
    },
    "node_modules/@jimp/js-bmp": {
      "version": "1.6.0",
      "license": "MIT",
      "dependencies": {
        "@jimp/core": "1.6.0",
        "@jimp/types": "1.6.0",
        "@jimp/utils": "1.6.0",
        "bmp-ts": "^1.0.9"
      },
      "engines": {
        "node": ">=18"
      }
    },
    "node_modules/@jimp/js-gif": {
      "version": "1.6.0",
      "license": "MIT",
      "dependencies": {
        "@jimp/core": "1.6.0",
        "@jimp/types": "1.6.0",
        "gifwrap": "^0.10.1",
        "omggif": "^1.0.10"
      },
      "engines": {
        "node": ">=18"
      }
    },
    "node_modules/@jimp/js-jpeg": {
      "version": "1.6.0",
      "license": "MIT",
      "dependencies": {
        "@jimp/core": "1.6.0",
        "@jimp/types": "1.6.0",
        "jpeg-js": "^0.4.4"
      },
      "engines": {
        "node": ">=18"
      }
    },
    "node_modules/@jimp/js-png": {
      "version": "1.6.0",
      "license": "MIT",
      "dependencies": {
        "@jimp/core": "1.6.0",
        "@jimp/types": "1.6.0",
        "pngjs": "^7.0.0"
      },
      "engines": {
        "node": ">=18"
      }
    },
    "node_modules/@jimp/js-tiff": {
      "version": "1.6.0",
      "license": "MIT",
      "dependencies": {
        "@jimp/core": "1.6.0",
        "@jimp/types": "1.6.0",
        "utif2": "^4.1.0"
      },
      "engines": {
        "node": ">=18"
      }
    },
    "node_modules/@jimp/plugin-blit": {
      "version": "1.6.0",
      "license": "MIT",
      "dependencies": {
        "@jimp/types": "1.6.0",
        "@jimp/utils": "1.6.0",
        "zod": "^3.23.8"
      },
      "engines": {
        "node": ">=18"
      }
    },
    "node_modules/@jimp/plugin-blur": {
      "version": "1.6.0",
      "license": "MIT",
      "dependencies": {
        "@jimp/core": "1.6.0",
        "@jimp/utils": "1.6.0"
      },
      "engines": {
        "node": ">=18"
      }
    },
    "node_modules/@jimp/plugin-circle": {
      "version": "1.6.0",
      "license": "MIT",
      "dependencies": {
        "@jimp/types": "1.6.0",
        "zod": "^3.23.8"
      },
      "engines": {
        "node": ">=18"
      }
    },
    "node_modules/@jimp/plugin-color": {
      "version": "1.6.0",
      "license": "MIT",
      "dependencies": {
        "@jimp/core": "1.6.0",
        "@jimp/types": "1.6.0",
        "@jimp/utils": "1.6.0",
        "tinycolor2": "^1.6.0",
        "zod": "^3.23.8"
      },
      "engines": {
        "node": ">=18"
      }
    },
    "node_modules/@jimp/plugin-contain": {
      "version": "1.6.0",
      "license": "MIT",
      "dependencies": {
        "@jimp/core": "1.6.0",
        "@jimp/plugin-blit": "1.6.0",
        "@jimp/plugin-resize": "1.6.0",
        "@jimp/types": "1.6.0",
        "@jimp/utils": "1.6.0",
        "zod": "^3.23.8"
      },
      "engines": {
        "node": ">=18"
      }
    },
    "node_modules/@jimp/plugin-cover": {
      "version": "1.6.0",
      "license": "MIT",
      "dependencies": {
        "@jimp/core": "1.6.0",
        "@jimp/plugin-crop": "1.6.0",
        "@jimp/plugin-resize": "1.6.0",
        "@jimp/types": "1.6.0",
        "zod": "^3.23.8"
      },
      "engines": {
        "node": ">=18"
      }
    },
    "node_modules/@jimp/plugin-crop": {
      "version": "1.6.0",
      "license": "MIT",
      "dependencies": {
        "@jimp/core": "1.6.0",
        "@jimp/types": "1.6.0",
        "@jimp/utils": "1.6.0",
        "zod": "^3.23.8"
      },
      "engines": {
        "node": ">=18"
      }
    },
    "node_modules/@jimp/plugin-displace": {
      "version": "1.6.0",
      "license": "MIT",
      "dependencies": {
        "@jimp/types": "1.6.0",
        "@jimp/utils": "1.6.0",
        "zod": "^3.23.8"
      },
      "engines": {
        "node": ">=18"
      }
    },
    "node_modules/@jimp/plugin-dither": {
      "version": "1.6.0",
      "license": "MIT",
      "dependencies": {
        "@jimp/types": "1.6.0"
      },
      "engines": {
        "node": ">=18"
      }
    },
    "node_modules/@jimp/plugin-fisheye": {
      "version": "1.6.0",
      "license": "MIT",
      "dependencies": {
        "@jimp/types": "1.6.0",
        "@jimp/utils": "1.6.0",
        "zod": "^3.23.8"
      },
      "engines": {
        "node": ">=18"
      }
    },
    "node_modules/@jimp/plugin-flip": {
      "version": "1.6.0",
      "license": "MIT",
      "dependencies": {
        "@jimp/types": "1.6.0",
        "zod": "^3.23.8"
      },
      "engines": {
        "node": ">=18"
      }
    },
    "node_modules/@jimp/plugin-hash": {
      "version": "1.6.0",
      "license": "MIT",
      "dependencies": {
        "@jimp/core": "1.6.0",
        "@jimp/js-bmp": "1.6.0",
        "@jimp/js-jpeg": "1.6.0",
        "@jimp/js-png": "1.6.0",
        "@jimp/js-tiff": "1.6.0",
        "@jimp/plugin-color": "1.6.0",
        "@jimp/plugin-resize": "1.6.0",
        "@jimp/types": "1.6.0",
        "@jimp/utils": "1.6.0",
        "any-base": "^1.1.0"
      },
      "engines": {
        "node": ">=18"
      }
    },
    "node_modules/@jimp/plugin-mask": {
      "version": "1.6.0",
      "license": "MIT",
      "dependencies": {
        "@jimp/types": "1.6.0",
        "zod": "^3.23.8"
      },
      "engines": {
        "node": ">=18"
      }
    },
    "node_modules/@jimp/plugin-print": {
      "version": "1.6.0",
      "license": "MIT",
      "dependencies": {
        "@jimp/core": "1.6.0",
        "@jimp/js-jpeg": "1.6.0",
        "@jimp/js-png": "1.6.0",
        "@jimp/plugin-blit": "1.6.0",
        "@jimp/types": "1.6.0",
        "parse-bmfont-ascii": "^1.0.6",
        "parse-bmfont-binary": "^1.0.6",
        "parse-bmfont-xml": "^1.1.6",
        "simple-xml-to-json": "^1.2.2",
        "zod": "^3.23.8"
      },
      "engines": {
        "node": ">=18"
      }
    },
    "node_modules/@jimp/plugin-quantize": {
      "version": "1.6.0",
      "license": "MIT",
      "dependencies": {
        "image-q": "^4.0.0",
        "zod": "^3.23.8"
      },
      "engines": {
        "node": ">=18"
      }
    },
    "node_modules/@jimp/plugin-resize": {
      "version": "1.6.0",
      "license": "MIT",
      "dependencies": {
        "@jimp/core": "1.6.0",
        "@jimp/types": "1.6.0",
        "zod": "^3.23.8"
      },
      "engines": {
        "node": ">=18"
      }
    },
    "node_modules/@jimp/plugin-rotate": {
      "version": "1.6.0",
      "license": "MIT",
      "dependencies": {
        "@jimp/core": "1.6.0",
        "@jimp/plugin-crop": "1.6.0",
        "@jimp/plugin-resize": "1.6.0",
        "@jimp/types": "1.6.0",
        "@jimp/utils": "1.6.0",
        "zod": "^3.23.8"
      },
      "engines": {
        "node": ">=18"
      }
    },
    "node_modules/@jimp/plugin-threshold": {
      "version": "1.6.0",
      "license": "MIT",
      "dependencies": {
        "@jimp/core": "1.6.0",
        "@jimp/plugin-color": "1.6.0",
        "@jimp/plugin-hash": "1.6.0",
        "@jimp/types": "1.6.0",
        "@jimp/utils": "1.6.0",
        "zod": "^3.23.8"
      },
      "engines": {
        "node": ">=18"
      }
    },
    "node_modules/@jimp/types": {
      "version": "1.6.0",
      "license": "MIT",
      "dependencies": {
        "zod": "^3.23.8"
      },
      "engines": {
        "node": ">=18"
      }
    },
    "node_modules/@jimp/utils": {
      "version": "1.6.0",
      "license": "MIT",
      "dependencies": {
        "@jimp/types": "1.6.0",
        "tinycolor2": "^1.6.0"
      },
      "engines": {
        "node": ">=18"
      }
    },
    "node_modules/@opentui/core": {
      "version": "0.1.80",
      "resolved": "https://registry.npmjs.org/@opentui/core/-/core-0.1.80.tgz",
      "integrity": "sha512-fkgk8XiO1pauTrWzh3uRL4JNYGPINegv/JoTa1POygV9Rdwu0i4KseicwtDtvwEp6q7p+OdspmNqi6/DqPYqEQ==",
      "license": "MIT",
      "dependencies": {
        "bun-ffi-structs": "0.1.2",
        "diff": "8.0.2",
        "jimp": "1.6.0",
        "marked": "17.0.1",
        "yoga-layout": "3.2.1"
      },
      "optionalDependencies": {
        "@dimforge/rapier2d-simd-compat": "^0.17.3",
        "@opentui/core-darwin-arm64": "0.1.80",
        "@opentui/core-darwin-x64": "0.1.80",
        "@opentui/core-linux-arm64": "0.1.80",
        "@opentui/core-linux-x64": "0.1.80",
        "@opentui/core-win32-arm64": "0.1.80",
        "@opentui/core-win32-x64": "0.1.80",
        "bun-webgpu": "0.1.5",
        "planck": "^1.4.2",
        "three": "0.177.0"
      },
      "peerDependencies": {
        "web-tree-sitter": "0.25.10"
      }
    },
    "node_modules/@opentui/core-darwin-arm64": {
      "version": "0.1.80",
      "resolved": "https://registry.npmjs.org/@opentui/core-darwin-arm64/-/core-darwin-arm64-0.1.80.tgz",
      "integrity": "sha512-B1KXimgNzwXY9KS/fZqAnUOj1TSmMmfmm6BJKZwXM65S2hYyuHeZ/E7qN6e4Wqr3dVhzMxH06cR92qf30Qs2QA==",
      "cpu": [
        "arm64"
      ],
      "license": "MIT",
      "optional": true,
      "os": [
        "darwin"
      ]
    },
    "node_modules/@opentui/core-darwin-x64": {
      "version": "0.1.80",
      "resolved": "https://registry.npmjs.org/@opentui/core-darwin-x64/-/core-darwin-x64-0.1.80.tgz",
      "integrity": "sha512-gthbIutmy4VmeOiMacUVTVkB0N/Uc4bLU1Yy2hM23RoJBmfiMgDuf+tpCTYKaJpg4UmWHGP4Q11CNSGCNeNW4g==",
      "cpu": [
        "x64"
      ],
      "license": "MIT",
      "optional": true,
      "os": [
        "darwin"
      ]
    },
    "node_modules/@opentui/core-linux-arm64": {
      "version": "0.1.80",
      "resolved": "https://registry.npmjs.org/@opentui/core-linux-arm64/-/core-linux-arm64-0.1.80.tgz",
      "integrity": "sha512-tfGq8BDF144CKKAZP97kXmZYBOKCz2Q1XDTpzz6doxHUy5/4pLc0TnJEOZj/Vhzq37wBoG6TGRrCXgHvDAps1Q==",
      "cpu": [
        "arm64"
      ],
      "license": "MIT",
      "optional": true,
      "os": [
        "linux"
      ]
    },
    "node_modules/@opentui/core-linux-x64": {
      "version": "0.1.80",
      "cpu": [
        "x64"
      ],
      "license": "MIT",
      "optional": true,
      "os": [
        "linux"
      ]
    },
    "node_modules/@opentui/core-win32-arm64": {
      "version": "0.1.80",
      "resolved": "https://registry.npmjs.org/@opentui/core-win32-arm64/-/core-win32-arm64-0.1.80.tgz",
      "integrity": "sha512-ZgXAClJSc7GgaTftWcmyO5psMYsO+S8XHnxwGm0rXhs/bAz52kH46wKO8wfPAfqUsIYpe1UGgaAejv104w7yEQ==",
      "cpu": [
        "arm64"
      ],
      "license": "MIT",
      "optional": true,
      "os": [
        "win32"
      ]
    },
    "node_modules/@opentui/core-win32-x64": {
      "version": "0.1.80",
      "resolved": "https://registry.npmjs.org/@opentui/core-win32-x64/-/core-win32-x64-0.1.80.tgz",
      "integrity": "sha512-8qGyKHfiU/VOYhfER7YWuIQDb2XBfpiyMkUjdwXYPYIPJ0A0vcAulg9CPNrRb+hzzAthH5nmX8gnu8yPsE/n4w==",
      "cpu": [
        "x64"
      ],
      "license": "MIT",
      "optional": true,
      "os": [
        "win32"
      ]
    },
    "node_modules/@opentui/react": {
      "version": "0.1.80",
      "resolved": "https://registry.npmjs.org/@opentui/react/-/react-0.1.80.tgz",
      "integrity": "sha512-l5VrdnP/l9P7TqWMxpPZsnkiHEW6f2Nblt6a7+h2m09P3+dFJq4TZ3KdMwvsecQ5dc8lN8WZqV/T4mvvzhc8yw==",
      "license": "MIT",
      "dependencies": {
        "@opentui/core": "0.1.80",
        "react-reconciler": "^0.32.0"
      },
      "peerDependencies": {
        "react": ">=19.0.0",
        "react-devtools-core": "^7.0.1",
        "ws": "^8.18.0"
      }
    },
    "node_modules/@tokenizer/token": {
      "version": "0.3.0",
      "license": "MIT"
    },
    "node_modules/@types/bun": {
      "version": "1.3.9",
      "resolved": "https://registry.npmjs.org/@types/bun/-/bun-1.3.9.tgz",
      "integrity": "sha512-KQ571yULOdWJiMH+RIWIOZ7B2RXQGpL1YQrBtLIV3FqDcCu6FsbFUBwhdKUlCKUpS3PJDsHlJ1QKlpxoVR+xtw==",
      "dev": true,
      "license": "MIT",
      "dependencies": {
        "bun-types": "1.3.9"
      }
    },
    "node_modules/@types/node": {
      "version": "25.2.3",
      "dev": true,
      "license": "MIT",
      "dependencies": {
        "undici-types": "~7.16.0"
      }
    },
    "node_modules/@types/react": {
      "version": "19.2.14",
      "dev": true,
      "license": "MIT",
      "dependencies": {
        "csstype": "^3.2.2"
      }
    },
    "node_modules/@webgpu/types": {
      "version": "0.1.69",
      "license": "BSD-3-Clause",
      "optional": true
    },
    "node_modules/abort-controller": {
      "version": "3.0.0",
      "license": "MIT",
      "dependencies": {
        "event-target-shim": "^5.0.0"
      },
      "engines": {
        "node": ">=6.5"
      }
    },
    "node_modules/any-base": {
      "version": "1.1.0",
      "license": "MIT"
    },
    "node_modules/await-to-js": {
      "version": "3.0.0",
      "license": "MIT",
      "engines": {
        "node": ">=6.0.0"
      }
    },
    "node_modules/base64-js": {
      "version": "1.5.1",
      "funding": [
        {
          "type": "github",
          "url": "https://github.com/sponsors/feross"
        },
        {
          "type": "patreon",
          "url": "https://www.patreon.com/feross"
        },
        {
          "type": "consulting",
          "url": "https://feross.org/support"
        }
      ],
      "license": "MIT"
    },
    "node_modules/bmp-ts": {
      "version": "1.0.9",
      "license": "MIT"
    },
    "node_modules/buffer": {
      "version": "6.0.3",
      "funding": [
        {
          "type": "github",
          "url": "https://github.com/sponsors/feross"
        },
        {
          "type": "patreon",
          "url": "https://www.patreon.com/feross"
        },
        {
          "type": "consulting",
          "url": "https://feross.org/support"
        }
      ],
      "license": "MIT",
      "dependencies": {
        "base64-js": "^1.3.1",
        "ieee754": "^1.2.1"
      }
    },
    "node_modules/bun-ffi-structs": {
      "version": "0.1.2",
      "license": "MIT",
      "peerDependencies": {
        "typescript": "^5"
      }
    },
    "node_modules/bun-types": {
      "version": "1.3.9",
      "dev": true,
      "license": "MIT",
      "dependencies": {
        "@types/node": "*"
      }
    },
    "node_modules/bun-webgpu": {
      "version": "0.1.5",
      "license": "Apache-2.0",
      "optional": true,
      "dependencies": {
        "@webgpu/types": "^0.1.60"
      },
      "optionalDependencies": {
        "bun-webgpu-darwin-arm64": "^0.1.5",
        "bun-webgpu-darwin-x64": "^0.1.5",
        "bun-webgpu-linux-x64": "^0.1.5",
        "bun-webgpu-win32-x64": "^0.1.5"
      }
    },
    "node_modules/bun-webgpu-darwin-arm64": {
      "version": "0.1.5",
      "resolved": "https://registry.npmjs.org/bun-webgpu-darwin-arm64/-/bun-webgpu-darwin-arm64-0.1.5.tgz",
      "integrity": "sha512-qM7W5IaFpWYGPDcNiQ8DOng3noQ97gxpH2MFH1mGsdKwI0T4oy++egSh5Z7s6AQx8WKgc9GzAsTUM4KZkFdacw==",
      "cpu": [
        "arm64"
      ],
      "license": "Apache-2.0",
      "optional": true,
      "os": [
        "darwin"
      ]
    },
    "node_modules/bun-webgpu-darwin-x64": {
      "version": "0.1.5",
      "resolved": "https://registry.npmjs.org/bun-webgpu-darwin-x64/-/bun-webgpu-darwin-x64-0.1.5.tgz",
      "integrity": "sha512-oVoIsme27pcXB68YxnQSAgdNGCa4A3PGWYIBUewOh9VnJaoik4JenGb5Yy+svGE+ETFhQXV9nhHqgMPsDRrO6A==",
      "cpu": [
        "x64"
      ],
      "license": "Apache-2.0",
      "optional": true,
      "os": [
        "darwin"
      ]
    },
    "node_modules/bun-webgpu-linux-x64": {
      "version": "0.1.5",
      "cpu": [
        "x64"
      ],
      "license": "Apache-2.0",
      "optional": true,
      "os": [
        "linux"
      ]
    },
    "node_modules/bun-webgpu-win32-x64": {
      "version": "0.1.5",
      "resolved": "https://registry.npmjs.org/bun-webgpu-win32-x64/-/bun-webgpu-win32-x64-0.1.5.tgz",
      "integrity": "sha512-zvnUl4EAsQbKsmZVu+lEJcH8axQ7MiCfqg2OmnHd6uw1THABmHaX0GbpKiHshdgadNN2Nf+4zDyTJB5YMcAdrA==",
      "cpu": [
        "x64"
      ],
      "license": "Apache-2.0",
      "optional": true,
      "os": [
        "win32"
      ]
    },
    "node_modules/csstype": {
      "version": "3.2.3",
      "dev": true,
      "license": "MIT"
    },
    "node_modules/diff": {
      "version": "8.0.2",
      "license": "BSD-3-Clause",
      "engines": {
        "node": ">=0.3.1"
      }
    },
    "node_modules/esbuild": {
      "version": "0.27.3",
      "resolved": "https://registry.npmjs.org/esbuild/-/esbuild-0.27.3.tgz",
      "integrity": "sha512-8VwMnyGCONIs6cWue2IdpHxHnAjzxnw2Zr7MkVxB2vjmQ2ivqGFb4LEG3SMnv0Gb2F/G/2yA8zUaiL1gywDCCg==",
      "dev": true,
      "hasInstallScript": true,
      "license": "MIT",
      "bin": {
        "esbuild": "bin/esbuild"
      },
      "engines": {
        "node": ">=18"
      },
      "optionalDependencies": {
        "@esbuild/aix-ppc64": "0.27.3",
        "@esbuild/android-arm": "0.27.3",
        "@esbuild/android-arm64": "0.27.3",
        "@esbuild/android-x64": "0.27.3",
        "@esbuild/darwin-arm64": "0.27.3",
        "@esbuild/darwin-x64": "0.27.3",
        "@esbuild/freebsd-arm64": "0.27.3",
        "@esbuild/freebsd-x64": "0.27.3",
        "@esbuild/linux-arm": "0.27.3",
        "@esbuild/linux-arm64": "0.27.3",
        "@esbuild/linux-ia32": "0.27.3",
        "@esbuild/linux-loong64": "0.27.3",
        "@esbuild/linux-mips64el": "0.27.3",
        "@esbuild/linux-ppc64": "0.27.3",
        "@esbuild/linux-riscv64": "0.27.3",
        "@esbuild/linux-s390x": "0.27.3",
        "@esbuild/linux-x64": "0.27.3",
        "@esbuild/netbsd-arm64": "0.27.3",
        "@esbuild/netbsd-x64": "0.27.3",
        "@esbuild/openbsd-arm64": "0.27.3",
        "@esbuild/openbsd-x64": "0.27.3",
        "@esbuild/openharmony-arm64": "0.27.3",
        "@esbuild/sunos-x64": "0.27.3",
        "@esbuild/win32-arm64": "0.27.3",
        "@esbuild/win32-ia32": "0.27.3",
        "@esbuild/win32-x64": "0.27.3"
      }
    },
    "node_modules/event-target-shim": {
      "version": "5.0.1",
      "license": "MIT",
      "engines": {
        "node": ">=6"
      }
    },
    "node_modules/events": {
      "version": "3.3.0",
      "license": "MIT",
      "engines": {
        "node": ">=0.8.x"
      }
    },
    "node_modules/exif-parser": {
      "version": "0.1.12"
    },
    "node_modules/file-type": {
      "version": "16.5.4",
      "license": "MIT",
      "dependencies": {
        "readable-web-to-node-stream": "^3.0.0",
        "strtok3": "^6.2.4",
        "token-types": "^4.1.1"
      },
      "engines": {
        "node": ">=10"
      },
      "funding": {
        "url": "https://github.com/sindresorhus/file-type?sponsor=1"
      }
    },
    "node_modules/fsevents": {
      "version": "2.3.3",
      "resolved": "https://registry.npmjs.org/fsevents/-/fsevents-2.3.3.tgz",
      "integrity": "sha512-5xoDfX+fL7faATnagmWPpbFtwh/R77WmMMqqHGS65C3vvB0YHrgF+B1YmZ3441tMj5n63k0212XNoJwzlhffQw==",
      "dev": true,
      "hasInstallScript": true,
      "license": "MIT",
      "optional": true,
      "os": [
        "darwin"
      ],
      "engines": {
        "node": "^8.16.0 || ^10.6.0 || >=11.0.0"
      }
    },
    "node_modules/get-tsconfig": {
      "version": "4.13.6",
      "resolved": "https://registry.npmjs.org/get-tsconfig/-/get-tsconfig-4.13.6.tgz",
      "integrity": "sha512-shZT/QMiSHc/YBLxxOkMtgSid5HFoauqCE3/exfsEcwg1WkeqjG+V40yBbBrsD+jW2HDXcs28xOfcbm2jI8Ddw==",
      "dev": true,
      "license": "MIT",
      "dependencies": {
        "resolve-pkg-maps": "^1.0.0"
      },
      "funding": {
        "url": "https://github.com/privatenumber/get-tsconfig?sponsor=1"
      }
    },
    "node_modules/gifwrap": {
      "version": "0.10.1",
      "license": "MIT",
      "dependencies": {
        "image-q": "^4.0.0",
        "omggif": "^1.0.10"
      }
    },
    "node_modules/ieee754": {
      "version": "1.2.1",
      "funding": [
        {
          "type": "github",
          "url": "https://github.com/sponsors/feross"
        },
        {
          "type": "patreon",
          "url": "https://www.patreon.com/feross"
        },
        {
          "type": "consulting",
          "url": "https://feross.org/support"
        }
      ],
      "license": "BSD-3-Clause"
    },
    "node_modules/image-q": {
      "version": "4.0.0",
      "license": "MIT",
      "dependencies": {
        "@types/node": "16.9.1"
      }
    },
    "node_modules/image-q/node_modules/@types/node": {
      "version": "16.9.1",
      "license": "MIT"
    },
    "node_modules/jimp": {
      "version": "1.6.0",
      "license": "MIT",
      "dependencies": {
        "@jimp/core": "1.6.0",
        "@jimp/diff": "1.6.0",
        "@jimp/js-bmp": "1.6.0",
        "@jimp/js-gif": "1.6.0",
        "@jimp/js-jpeg": "1.6.0",
        "@jimp/js-png": "1.6.0",
        "@jimp/js-tiff": "1.6.0",
        "@jimp/plugin-blit": "1.6.0",
        "@jimp/plugin-blur": "1.6.0",
        "@jimp/plugin-circle": "1.6.0",
        "@jimp/plugin-color": "1.6.0",
        "@jimp/plugin-contain": "1.6.0",
        "@jimp/plugin-cover": "1.6.0",
        "@jimp/plugin-crop": "1.6.0",
        "@jimp/plugin-displace": "1.6.0",
        "@jimp/plugin-dither": "1.6.0",
        "@jimp/plugin-fisheye": "1.6.0",
        "@jimp/plugin-flip": "1.6.0",
        "@jimp/plugin-hash": "1.6.0",
        "@jimp/plugin-mask": "1.6.0",
        "@jimp/plugin-print": "1.6.0",
        "@jimp/plugin-quantize": "1.6.0",
        "@jimp/plugin-resize": "1.6.0",
        "@jimp/plugin-rotate": "1.6.0",
        "@jimp/plugin-threshold": "1.6.0",
        "@jimp/types": "1.6.0",
        "@jimp/utils": "1.6.0"
      },
      "engines": {
        "node": ">=18"
      }
    },
    "node_modules/jpeg-js": {
      "version": "0.4.4",
      "license": "BSD-3-Clause"
    },
    "node_modules/marked": {
      "version": "17.0.1",
      "license": "MIT",
      "bin": {
        "marked": "bin/marked.js"
      },
      "engines": {
        "node": ">= 20"
      }
    },
    "node_modules/mime": {
      "version": "3.0.0",
      "license": "MIT",
      "bin": {
        "mime": "cli.js"
      },
      "engines": {
        "node": ">=10.0.0"
      }
    },
    "node_modules/omggif": {
      "version": "1.0.10",
      "license": "MIT"
    },
    "node_modules/pako": {
      "version": "1.0.11",
      "license": "(MIT AND Zlib)"
    },
    "node_modules/parse-bmfont-ascii": {
      "version": "1.0.6",
      "license": "MIT"
    },
    "node_modules/parse-bmfont-binary": {
      "version": "1.0.6",
      "license": "MIT"
    },
    "node_modules/parse-bmfont-xml": {
      "version": "1.1.6",
      "license": "MIT",
      "dependencies": {
        "xml-parse-from-string": "^1.0.0",
        "xml2js": "^0.5.0"
      }
    },
    "node_modules/peek-readable": {
      "version": "4.1.0",
      "license": "MIT",
      "engines": {
        "node": ">=8"
      },
      "funding": {
        "type": "github",
        "url": "https://github.com/sponsors/Borewit"
      }
    },
    "node_modules/pixelmatch": {
      "version": "5.3.0",
      "license": "ISC",
      "dependencies": {
        "pngjs": "^6.0.0"
      },
      "bin": {
        "pixelmatch": "bin/pixelmatch"
      }
    },
    "node_modules/pixelmatch/node_modules/pngjs": {
      "version": "6.0.0",
      "license": "MIT",
      "engines": {
        "node": ">=12.13.0"
      }
    },
    "node_modules/planck": {
      "version": "1.4.3",
      "license": "MIT",
      "optional": true,
      "engines": {
        "node": ">=24.0"
      },
      "peerDependencies": {
        "stage-js": "^1.0.0-alpha.12"
      }
    },
    "node_modules/pngjs": {
      "version": "7.0.0",
      "license": "MIT",
      "engines": {
        "node": ">=14.19.0"
      }
    },
    "node_modules/process": {
      "version": "0.11.10",
      "license": "MIT",
      "engines": {
        "node": ">= 0.6.0"
      }
    },
    "node_modules/react": {
      "version": "19.2.4",
      "license": "MIT",
      "engines": {
        "node": ">=0.10.0"
      }
    },
    "node_modules/react-reconciler": {
      "version": "0.32.0",
      "license": "MIT",
      "dependencies": {
        "scheduler": "^0.26.0"
      },
      "engines": {
        "node": ">=0.10.0"
      },
      "peerDependencies": {
        "react": "^19.1.0"
      }
    },
    "node_modules/readable-stream": {
      "version": "4.7.0",
      "license": "MIT",
      "dependencies": {
        "abort-controller": "^3.0.0",
        "buffer": "^6.0.3",
        "events": "^3.3.0",
        "process": "^0.11.10",
        "string_decoder": "^1.3.0"
      },
      "engines": {
        "node": "^12.22.0 || ^14.17.0 || >=16.0.0"
      }
    },
    "node_modules/readable-web-to-node-stream": {
      "version": "3.0.4",
      "license": "MIT",
      "dependencies": {
        "readable-stream": "^4.7.0"
      },
      "engines": {
        "node": ">=8"
      },
      "funding": {
        "type": "github",
        "url": "https://github.com/sponsors/Borewit"
      }
    },
    "node_modules/resolve-pkg-maps": {
      "version": "1.0.0",
      "resolved": "https://registry.npmjs.org/resolve-pkg-maps/-/resolve-pkg-maps-1.0.0.tgz",
      "integrity": "sha512-seS2Tj26TBVOC2NIc2rOe2y2ZO7efxITtLZcGSOnHHNOQ7CkiUBfw0Iw2ck6xkIhPwLhKNLS8BO+hEpngQlqzw==",
      "dev": true,
      "license": "MIT",
      "funding": {
        "url": "https://github.com/privatenumber/resolve-pkg-maps?sponsor=1"
      }
    },
    "node_modules/safe-buffer": {
      "version": "5.2.1",
      "funding": [
        {
          "type": "github",
          "url": "https://github.com/sponsors/feross"
        },
        {
          "type": "patreon",
          "url": "https://www.patreon.com/feross"
        },
        {
          "type": "consulting",
          "url": "https://feross.org/support"
        }
      ],
      "license": "MIT"
    },
    "node_modules/sax": {
      "version": "1.4.4",
      "license": "BlueOak-1.0.0",
      "engines": {
        "node": ">=11.0.0"
      }
    },
    "node_modules/scheduler": {
      "version": "0.26.0",
      "license": "MIT"
    },
    "node_modules/simple-xml-to-json": {
      "version": "1.2.3",
      "license": "MIT",
      "engines": {
        "node": ">=20.12.2"
      }
    },
    "node_modules/string_decoder": {
      "version": "1.3.0",
      "license": "MIT",
      "dependencies": {
        "safe-buffer": "~5.2.0"
      }
    },
    "node_modules/strtok3": {
      "version": "6.3.0",
      "license": "MIT",
      "dependencies": {
        "@tokenizer/token": "^0.3.0",
        "peek-readable": "^4.1.0"
      },
      "engines": {
        "node": ">=10"
      },
      "funding": {
        "type": "github",
        "url": "https://github.com/sponsors/Borewit"
      }
    },
    "node_modules/three": {
      "version": "0.177.0",
      "resolved": "https://registry.npmjs.org/three/-/three-0.177.0.tgz",
      "integrity": "sha512-EiXv5/qWAaGI+Vz2A+JfavwYCMdGjxVsrn3oBwllUoqYeaBO75J63ZfyaQKoiLrqNHoTlUc6PFgMXnS0kI45zg==",
      "license": "MIT",
      "optional": true
    },
    "node_modules/tinycolor2": {
      "version": "1.6.0",
      "license": "MIT"
    },
    "node_modules/token-types": {
      "version": "4.2.1",
      "license": "MIT",
      "dependencies": {
        "@tokenizer/token": "^0.3.0",
        "ieee754": "^1.2.1"
      },
      "engines": {
        "node": ">=10"
      },
      "funding": {
        "type": "github",
        "url": "https://github.com/sponsors/Borewit"
      }
    },
    "node_modules/tsx": {
      "version": "4.21.0",
      "resolved": "https://registry.npmjs.org/tsx/-/tsx-4.21.0.tgz",
      "integrity": "sha512-5C1sg4USs1lfG0GFb2RLXsdpXqBSEhAaA/0kPL01wxzpMqLILNxIxIOKiILz+cdg/pLnOUxFYOR5yhHU666wbw==",
      "dev": true,
      "license": "MIT",
      "dependencies": {
        "esbuild": "~0.27.0",
        "get-tsconfig": "^4.7.5"
      },
      "bin": {
        "tsx": "dist/cli.mjs"
      },
      "engines": {
        "node": ">=18.0.0"
      },
      "optionalDependencies": {
        "fsevents": "~2.3.3"
      }
    },
    "node_modules/typescript": {
      "version": "5.9.3",
      "dev": true,
      "license": "Apache-2.0",
      "bin": {
        "tsc": "bin/tsc",
        "tsserver": "bin/tsserver"
      },
      "engines": {
        "node": ">=14.17"
      }
    },
    "node_modules/undici-types": {
      "version": "7.16.0",
      "dev": true,
      "license": "MIT"
    },
    "node_modules/utif2": {
      "version": "4.1.0",
      "license": "MIT",
      "dependencies": {
        "pako": "^1.0.11"
      }
    },
    "node_modules/xml-parse-from-string": {
      "version": "1.0.1",
      "license": "MIT"
    },
    "node_modules/xml2js": {
      "version": "0.5.0",
      "license": "MIT",
      "dependencies": {
        "sax": ">=0.6.0",
        "xmlbuilder": "~11.0.0"
      },
      "engines": {
        "node": ">=4.0.0"
      }
    },
    "node_modules/xmlbuilder": {
      "version": "11.0.1",
      "license": "MIT",
      "engines": {
        "node": ">=4.0"
      }
    },
    "node_modules/yoga-layout": {
      "version": "3.2.1",
      "license": "MIT"
    },
    "node_modules/zod": {
      "version": "3.25.76",
      "license": "MIT",
      "funding": {
        "url": "https://github.com/sponsors/colinhacks"
      }
    }
  }
}
